
Microsoft Visual Studio Solution File, Format Version 12.00
# Visual Studio Version 16
VisualStudioVersion = 16.0.31624.102
MinimumVisualStudioVersion = 10.0.40219.1
Project("{FAE04EC0-301F-11D3-BF4B-00C04F79EFBC}") = "PrintingSolidsStore", "PrintingSolidsStore\PrintingSolidsStore.csproj", "{074B5E10-96EE-4212-B76C-E6728BF295BA}"
EndProject
Global
	GlobalSection(SolutionConfigurationPlatforms) = preSolution
		Debug|Any CPU = Debug|Any CPU
		Release|Any CPU = Release|Any CPU
	EndGlobalSection
	GlobalSection(ProjectConfigurationPlatforms) = postSolution
		{074B5E10-96EE-4212-B76C-E6728BF295BA}.Debug|Any CPU.ActiveCfg = Debug|Any CPU
		{074B5E10-96EE-4212-B76C-E6728BF295BA}.Debug|Any CPU.Build.0 = Debug|Any CPU
		{074B5E10-96EE-4212-B76C-E6728BF295BA}.Release|Any CPU.ActiveCfg = Release|Any CPU
		{074B5E10-96EE-4212-B76C-E6728BF295BA}.Release|Any CPU.Build.0 = Release|Any CPU
	EndGlobalSection
	GlobalSection(SolutionProperties) = preSolution
		HideSolutionNode = FALSE
	EndGlobalSection
	GlobalSection(ExtensibilityGlobals) = postSolution
		SolutionGuid = {257DE478-EBD6-4197-9162-6A17CE4C7EFD}
	EndGlobalSection
EndGlobal
